// !$*UTF8*$!
{
	archiveVersion = 1;
	classes = {
	};
	objectVersion = 56;
	objects = {

/* Begin PBXBuildFile section */
		A10000000000000000000001 /* ClaraCoreMobileApp.swift in Sources */ = {isa = PBXBuildFile; fileRef = A20000000000000000000001 /* ClaraCoreMobileApp.swift */; };
		A10000000000000000000002 /* AppRootView.swift in Sources */ = {isa = PBXBuildFile; fileRef = A20000000000000000000002 /* AppRootView.swift */; };
		A10000000000000000000003 /* AppDatabase.swift in Sources */ = {isa = PBXBuildFile; fileRef = A20000000000000000000003 /* AppDatabase.swift */; };
		A10000000000000000000004 /* Memory.swift in Sources */ = {isa = PBXBuildFile; fileRef = A20000000000000000000004 /* Memory.swift */; };
		A10000000000000000000005 /* MemoriaStore.swift in Sources */ = {isa = PBXBuildFile; fileRef = A20000000000000000000005 /* MemoriaStore.swift */; };
		A10000000000000000000006 /* Core/Memoria/MemoriaStoreTests.swift in Sources */ = {isa = PBXBuildFile; fileRef = A20000000000000000000006 /* Core/Memoria/MemoriaStoreTests.swift */; };
		A10000000000000000000007 /* GRDB in Frameworks */ = {isa = PBXBuildFile; productRef = A90000000000000000000002 /* GRDB */; };
		A10000000000000000000008 /* GRDB in Frameworks */ = {isa = PBXBuildFile; productRef = A90000000000000000000002 /* GRDB */; };
		A10000000000000000000009 /* AppDependencies.swift in Sources */ = {isa = PBXBuildFile; fileRef = A20000000000000000000009 /* AppDependencies.swift */; };
		A1000000000000000000000A /* AppTab.swift in Sources */ = {isa = PBXBuildFile; fileRef = A2000000000000000000000A /* AppTab.swift */; };
		A1000000000000000000000B /* MemoriaFeatureView.swift in Sources */ = {isa = PBXBuildFile; fileRef = A2000000000000000000000B /* MemoriaFeatureView.swift */; };
		A1000000000000000000000C /* RawCapture.swift in Sources */ = {isa = PBXBuildFile; fileRef = A2000000000000000000000C /* RawCapture.swift */; };
		A1000000000000000000000D /* InboxItem.swift in Sources */ = {isa = PBXBuildFile; fileRef = A2000000000000000000000D /* InboxItem.swift */; };
		A1000000000000000000000E /* InboxStore.swift in Sources */ = {isa = PBXBuildFile; fileRef = A2000000000000000000000E /* InboxStore.swift */; };
		A1000000000000000000000F /* Core/Inbox/InboxStoreTests.swift in Sources */ = {isa = PBXBuildFile; fileRef = A2000000000000000000000F /* Core/Inbox/InboxStoreTests.swift */; };
		A10000000000000000000010 /* ImportSession.swift in Sources */ = {isa = PBXBuildFile; fileRef = A20000000000000000000010 /* ImportSession.swift */; };
		A10000000000000000000011 /* CaptureSegment.swift in Sources */ = {isa = PBXBuildFile; fileRef = A20000000000000000000011 /* CaptureSegment.swift */; };
		A10000000000000000000012 /* TokenEstimator.swift in Sources */ = {isa = PBXBuildFile; fileRef = A20000000000000000000012 /* TokenEstimator.swift */; };
		A10000000000000000000013 /* CaptureSegmenter.swift in Sources */ = {isa = PBXBuildFile; fileRef = A20000000000000000000013 /* CaptureSegmenter.swift */; };
		A10000000000000000000014 /* ImportSessionStore.swift in Sources */ = {isa = PBXBuildFile; fileRef = A20000000000000000000014 /* ImportSessionStore.swift */; };
		A10000000000000000000015 /* ReflectionModels.swift in Sources */ = {isa = PBXBuildFile; fileRef = A20000000000000000000015 /* ReflectionModels.swift */; };
		A10000000000000000000016 /* ReflectionService.swift in Sources */ = {isa = PBXBuildFile; fileRef = A20000000000000000000016 /* ReflectionService.swift */; };
		A10000000000000000000017 /* RuleBasedReflectionService.swift in Sources */ = {isa = PBXBuildFile; fileRef = A20000000000000000000017 /* RuleBasedReflectionService.swift */; };
		A10000000000000000000018 /* DeepSeekReflectionService.swift in Sources */ = {isa = PBXBuildFile; fileRef = A20000000000000000000018 /* DeepSeekReflectionService.swift */; };
		A10000000000000000000019 /* Core/Importer/CaptureSegmenterTests.swift in Sources */ = {isa = PBXBuildFile; fileRef = A20000000000000000000019 /* Core/Importer/CaptureSegmenterTests.swift */; };
		A1000000000000000000001A /* Core/Importer/ImportSessionStoreTests.swift in Sources */ = {isa = PBXBuildFile; fileRef = A2000000000000000000001A /* Core/Importer/ImportSessionStoreTests.swift */; };
		A1000000000000000000001B /* Core/Reflection/RuleBasedReflectionServiceTests.swift in Sources */ = {isa = PBXBuildFile; fileRef = A2000000000000000000001B /* Core/Reflection/RuleBasedReflectionServiceTests.swift */; };
		A1000000000000000000001C /* ConversationTurn.swift in Sources */ = {isa = PBXBuildFile; fileRef = A2000000000000000000001C /* ConversationTurn.swift */; };
		A1000000000000000000001D /* DeepSeekShareImporter.swift in Sources */ = {isa = PBXBuildFile; fileRef = A2000000000000000000001D /* DeepSeekShareImporter.swift */; };
		A1000000000000000000001E /* Core/Importer/DeepSeekShareImporterTests.swift in Sources */ = {isa = PBXBuildFile; fileRef = A2000000000000000000001E /* Core/Importer/DeepSeekShareImporterTests.swift */; };
		A1000000000000000000001F /* ImporterFeatureView.swift in Sources */ = {isa = PBXBuildFile; fileRef = A2000000000000000000001F /* ImporterFeatureView.swift */; };
		A10000000000000000000020 /* InboxFeatureView.swift in Sources */ = {isa = PBXBuildFile; fileRef = A20000000000000000000020 /* InboxFeatureView.swift */; };
		A10000000000000000000021 /* ImportSessionPreparer.swift in Sources */ = {isa = PBXBuildFile; fileRef = A20000000000000000000021 /* ImportSessionPreparer.swift */; };
		A10000000000000000000022 /* Core/Importer/ImportSessionPreparerTests.swift in Sources */ = {isa = PBXBuildFile; fileRef = A20000000000000000000022 /* Core/Importer/ImportSessionPreparerTests.swift */; };
		A10000000000000000000023 /* ReflectionRunner.swift in Sources */ = {isa = PBXBuildFile; fileRef = A20000000000000000000023 /* ReflectionRunner.swift */; };
		A10000000000000000000024 /* Core/Reflection/ReflectionRunnerTests.swift in Sources */ = {isa = PBXBuildFile; fileRef = A20000000000000000000024 /* Core/Reflection/ReflectionRunnerTests.swift */; };
		A10000000000000000000025 /* ReviewDigestView.swift in Sources */ = {isa = PBXBuildFile; fileRef = A20000000000000000000025 /* ReviewDigestView.swift */; };
		A10000000000000000000026 /* ContinuityLine.swift in Sources */ = {isa = PBXBuildFile; fileRef = A20000000000000000000026 /* ContinuityLine.swift */; };
		A10000000000000000000027 /* ContinuityStore.swift in Sources */ = {isa = PBXBuildFile; fileRef = A20000000000000000000027 /* ContinuityStore.swift */; };
		A10000000000000000000028 /* DigestCommitter.swift in Sources */ = {isa = PBXBuildFile; fileRef = A20000000000000000000028 /* DigestCommitter.swift */; };
		A10000000000000000000029 /* ContinuityFeatureView.swift in Sources */ = {isa = PBXBuildFile; fileRef = A20000000000000000000029 /* ContinuityFeatureView.swift */; };
		A1000000000000000000002A /* Core/Continuity/ContinuityStoreTests.swift in Sources */ = {isa = PBXBuildFile; fileRef = A2000000000000000000002A /* Core/Continuity/ContinuityStoreTests.swift */; };
		A1000000000000000000002B /* Core/Review/DigestCommitterTests.swift in Sources */ = {isa = PBXBuildFile; fileRef = A2000000000000000000002B /* Core/Review/DigestCommitterTests.swift */; };
		A1000000000000000000002C /* APIKeyStore.swift in Sources */ = {isa = PBXBuildFile; fileRef = A2000000000000000000002C /* APIKeyStore.swift */; };
		A1000000000000000000002D /* SettingsFeatureView.swift in Sources */ = {isa = PBXBuildFile; fileRef = A2000000000000000000002D /* SettingsFeatureView.swift */; };
		A1000000000000000000002E /* RecallContextPackage.swift in Sources */ = {isa = PBXBuildFile; fileRef = A2000000000000000000002E /* RecallContextPackage.swift */; };
		A1000000000000000000002F /* RecallPackageView.swift in Sources */ = {isa = PBXBuildFile; fileRef = A2000000000000000000002F /* RecallPackageView.swift */; };
		A10000000000000000000030 /* Core/Recall/RecallContextPackageTests.swift in Sources */ = {isa = PBXBuildFile; fileRef = A20000000000000000000030 /* Core/Recall/RecallContextPackageTests.swift */; };
		A10000000000000000000031 /* ClaraDesign.swift in Sources */ = {isa = PBXBuildFile; fileRef = A20000000000000000000031 /* ClaraDesign.swift */; };
		A10000000000000000000032 /* DraftDigestReconciler.swift in Sources */ = {isa = PBXBuildFile; fileRef = A20000000000000000000032 /* DraftDigestReconciler.swift */; };
		A10000000000000000000033 /* Core/Reflection/DraftDigestReconcilerTests.swift in Sources */ = {isa = PBXBuildFile; fileRef = A20000000000000000000033 /* Core/Reflection/DraftDigestReconcilerTests.swift */; };
		A10000000000000000000034 /* ClaraErrorPresenter.swift in Sources */ = {isa = PBXBuildFile; fileRef = A20000000000000000000034 /* ClaraErrorPresenter.swift */; };
		A10000000000000000000035 /* Shared/ClaraErrorPresenterTests.swift in Sources */ = {isa = PBXBuildFile; fileRef = A20000000000000000000035 /* Shared/ClaraErrorPresenterTests.swift */; };
		A10000000000000000000036 /* Assets.xcassets in Resources */ = {isa = PBXBuildFile; fileRef = A20000000000000000000036 /* Assets.xcassets */; };
		A10000000000000000000037 /* ContextCard.swift in Sources */ = {isa = PBXBuildFile; fileRef = A20000000000000000000037 /* ContextCard.swift */; };
		A10000000000000000000038 /* ContextCardStore.swift in Sources */ = {isa = PBXBuildFile; fileRef = A20000000000000000000038 /* ContextCardStore.swift */; };
		A10000000000000000000039 /* Core/ContextCard/ContextCardStoreTests.swift in Sources */ = {isa = PBXBuildFile; fileRef = A20000000000000000000039 /* Core/ContextCard/ContextCardStoreTests.swift */; };
		A1000000000000000000003A /* ConversationImporter.swift in Sources */ = {isa = PBXBuildFile; fileRef = A2000000000000000000003A /* ConversationImporter.swift */; };
		A1000000000000000000003B /* Core/Importer/ConversationImporterRegistryTests.swift in Sources */ = {isa = PBXBuildFile; fileRef = A2000000000000000000003B /* Core/Importer/ConversationImporterRegistryTests.swift */; };
		A1000000000000000000003C /* ArchiveFeatureView.swift in Sources */ = {isa = PBXBuildFile; fileRef = A2000000000000000000003C /* ArchiveFeatureView.swift */; };
/* End PBXBuildFile section */

/* Begin PBXContainerItemProxy section */
		A30000000000000000000001 /* PBXContainerItemProxy */ = {
			isa = PBXContainerItemProxy;
			containerPortal = A80000000000000000000001 /* Project object */;
			proxyType = 1;
			remoteGlobalIDString = A70000000000000000000001;
			remoteInfo = ClaraCoreMobile;
		};
/* End PBXContainerItemProxy section */

/* Begin PBXFileReference section */
		A20000000000000000000001 /* ClaraCoreMobileApp.swift */ = {isa = PBXFileReference; lastKnownFileType = sourcecode.swift; path = ClaraCoreMobileApp.swift; sourceTree = "<group>"; };
		A20000000000000000000002 /* AppRootView.swift */ = {isa = PBXFileReference; lastKnownFileType = sourcecode.swift; path = AppRootView.swift; sourceTree = "<group>"; };
		A20000000000000000000003 /* AppDatabase.swift */ = {isa = PBXFileReference; lastKnownFileType = sourcecode.swift; path = AppDatabase.swift; sourceTree = "<group>"; };
		A20000000000000000000004 /* Memory.swift */ = {isa = PBXFileReference; lastKnownFileType = sourcecode.swift; path = Memory.swift; sourceTree = "<group>"; };
		A20000000000000000000005 /* MemoriaStore.swift */ = {isa = PBXFileReference; lastKnownFileType = sourcecode.swift; path = MemoriaStore.swift; sourceTree = "<group>"; };
		A20000000000000000000006 /* Core/Memoria/MemoriaStoreTests.swift */ = {isa = PBXFileReference; lastKnownFileType = sourcecode.swift; path = Core/Memoria/MemoriaStoreTests.swift; sourceTree = "<group>"; };
		A20000000000000000000007 /* ClaraCoreMobile.app */ = {isa = PBXFileReference; explicitFileType = wrapper.application; includeInIndex = 0; path = ClaraCoreMobile.app; sourceTree = BUILT_PRODUCTS_DIR; };
		A20000000000000000000008 /* ClaraCoreMobileTests.xctest */ = {isa = PBXFileReference; explicitFileType = wrapper.cfbundle; includeInIndex = 0; path = ClaraCoreMobileTests.xctest; sourceTree = BUILT_PRODUCTS_DIR; };
		A20000000000000000000009 /* AppDependencies.swift */ = {isa = PBXFileReference; lastKnownFileType = sourcecode.swift; path = AppDependencies.swift; sourceTree = "<group>"; };
		A2000000000000000000000A /* AppTab.swift */ = {isa = PBXFileReference; lastKnownFileType = sourcecode.swift; path = AppTab.swift; sourceTree = "<group>"; };
		A2000000000000000000000B /* MemoriaFeatureView.swift */ = {isa = PBXFileReference; lastKnownFileType = sourcecode.swift; path = MemoriaFeatureView.swift; sourceTree = "<group>"; };
		A2000000000000000000000C /* RawCapture.swift */ = {isa = PBXFileReference; lastKnownFileType = sourcecode.swift; path = RawCapture.swift; sourceTree = "<group>"; };
		A2000000000000000000000D /* InboxItem.swift */ = {isa = PBXFileReference; lastKnownFileType = sourcecode.swift; path = InboxItem.swift; sourceTree = "<group>"; };
		A2000000000000000000000E /* InboxStore.swift */ = {isa = PBXFileReference; lastKnownFileType = sourcecode.swift; path = InboxStore.swift; sourceTree = "<group>"; };
		A2000000000000000000000F /* Core/Inbox/InboxStoreTests.swift */ = {isa = PBXFileReference; lastKnownFileType = sourcecode.swift; path = Core/Inbox/InboxStoreTests.swift; sourceTree = "<group>"; };
		A20000000000000000000010 /* ImportSession.swift */ = {isa = PBXFileReference; lastKnownFileType = sourcecode.swift; path = ImportSession.swift; sourceTree = "<group>"; };
		A20000000000000000000011 /* CaptureSegment.swift */ = {isa = PBXFileReference; lastKnownFileType = sourcecode.swift; path = CaptureSegment.swift; sourceTree = "<group>"; };
		A20000000000000000000012 /* TokenEstimator.swift */ = {isa = PBXFileReference; lastKnownFileType = sourcecode.swift; path = TokenEstimator.swift; sourceTree = "<group>"; };
		A20000000000000000000013 /* CaptureSegmenter.swift */ = {isa = PBXFileReference; lastKnownFileType = sourcecode.swift; path = CaptureSegmenter.swift; sourceTree = "<group>"; };
		A20000000000000000000014 /* ImportSessionStore.swift */ = {isa = PBXFileReference; lastKnownFileType = sourcecode.swift; path = ImportSessionStore.swift; sourceTree = "<group>"; };
		A20000000000000000000015 /* ReflectionModels.swift */ = {isa = PBXFileReference; lastKnownFileType = sourcecode.swift; path = ReflectionModels.swift; sourceTree = "<group>"; };
		A20000000000000000000016 /* ReflectionService.swift */ = {isa = PBXFileReference; lastKnownFileType = sourcecode.swift; path = ReflectionService.swift; sourceTree = "<group>"; };
		A20000000000000000000017 /* RuleBasedReflectionService.swift */ = {isa = PBXFileReference; lastKnownFileType = sourcecode.swift; path = RuleBasedReflectionService.swift; sourceTree = "<group>"; };
		A20000000000000000000018 /* DeepSeekReflectionService.swift */ = {isa = PBXFileReference; lastKnownFileType = sourcecode.swift; path = DeepSeekReflectionService.swift; sourceTree = "<group>"; };
		A20000000000000000000019 /* Core/Importer/CaptureSegmenterTests.swift */ = {isa = PBXFileReference; lastKnownFileType = sourcecode.swift; path = Core/Importer/CaptureSegmenterTests.swift; sourceTree = "<group>"; };
		A2000000000000000000001A /* Core/Importer/ImportSessionStoreTests.swift */ = {isa = PBXFileReference; lastKnownFileType = sourcecode.swift; path = Core/Importer/ImportSessionStoreTests.swift; sourceTree = "<group>"; };
		A2000000000000000000001B /* Core/Reflection/RuleBasedReflectionServiceTests.swift */ = {isa = PBXFileReference; lastKnownFileType = sourcecode.swift; path = Core/Reflection/RuleBasedReflectionServiceTests.swift; sourceTree = "<group>"; };
		A2000000000000000000001C /* ConversationTurn.swift */ = {isa = PBXFileReference; lastKnownFileType = sourcecode.swift; path = ConversationTurn.swift; sourceTree = "<group>"; };
		A2000000000000000000001D /* DeepSeekShareImporter.swift */ = {isa = PBXFileReference; lastKnownFileType = sourcecode.swift; path = DeepSeekShareImporter.swift; sourceTree = "<group>"; };
		A2000000000000000000001E /* Core/Importer/DeepSeekShareImporterTests.swift */ = {isa = PBXFileReference; lastKnownFileType = sourcecode.swift; path = Core/Importer/DeepSeekShareImporterTests.swift; sourceTree = "<group>"; };
		A2000000000000000000001F /* ImporterFeatureView.swift */ = {isa = PBXFileReference; lastKnownFileType = sourcecode.swift; path = ImporterFeatureView.swift; sourceTree = "<group>"; };
		A20000000000000000000020 /* InboxFeatureView.swift */ = {isa = PBXFileReference; lastKnownFileType = sourcecode.swift; path = InboxFeatureView.swift; sourceTree = "<group>"; };
		A20000000000000000000021 /* ImportSessionPreparer.swift */ = {isa = PBXFileReference; lastKnownFileType = sourcecode.swift; path = ImportSessionPreparer.swift; sourceTree = "<group>"; };
		A20000000000000000000022 /* Core/Importer/ImportSessionPreparerTests.swift */ = {isa = PBXFileReference; lastKnownFileType = sourcecode.swift; path = Core/Importer/ImportSessionPreparerTests.swift; sourceTree = "<group>"; };
		A20000000000000000000023 /* ReflectionRunner.swift */ = {isa = PBXFileReference; lastKnownFileType = sourcecode.swift; path = ReflectionRunner.swift; sourceTree = "<group>"; };
		A20000000000000000000024 /* Core/Reflection/ReflectionRunnerTests.swift */ = {isa = PBXFileReference; lastKnownFileType = sourcecode.swift; path = Core/Reflection/ReflectionRunnerTests.swift; sourceTree = "<group>"; };
		A20000000000000000000025 /* ReviewDigestView.swift */ = {isa = PBXFileReference; lastKnownFileType = sourcecode.swift; path = ReviewDigestView.swift; sourceTree = "<group>"; };
		A20000000000000000000026 /* ContinuityLine.swift */ = {isa = PBXFileReference; lastKnownFileType = sourcecode.swift; path = ContinuityLine.swift; sourceTree = "<group>"; };
		A20000000000000000000027 /* ContinuityStore.swift */ = {isa = PBXFileReference; lastKnownFileType = sourcecode.swift; path = ContinuityStore.swift; sourceTree = "<group>"; };
		A20000000000000000000028 /* DigestCommitter.swift */ = {isa = PBXFileReference; lastKnownFileType = sourcecode.swift; path = DigestCommitter.swift; sourceTree = "<group>"; };
		A20000000000000000000029 /* ContinuityFeatureView.swift */ = {isa = PBXFileReference; lastKnownFileType = sourcecode.swift; path = ContinuityFeatureView.swift; sourceTree = "<group>"; };
		A2000000000000000000002A /* Core/Continuity/ContinuityStoreTests.swift */ = {isa = PBXFileReference; lastKnownFileType = sourcecode.swift; path = Core/Continuity/ContinuityStoreTests.swift; sourceTree = "<group>"; };
		A2000000000000000000002B /* Core/Review/DigestCommitterTests.swift */ = {isa = PBXFileReference; lastKnownFileType = sourcecode.swift; path = Core/Review/DigestCommitterTests.swift; sourceTree = "<group>"; };
		A2000000000000000000002C /* APIKeyStore.swift */ = {isa = PBXFileReference; lastKnownFileType = sourcecode.swift; path = APIKeyStore.swift; sourceTree = "<group>"; };
		A2000000000000000000002D /* SettingsFeatureView.swift */ = {isa = PBXFileReference; lastKnownFileType = sourcecode.swift; path = SettingsFeatureView.swift; sourceTree = "<group>"; };
		A2000000000000000000002E /* RecallContextPackage.swift */ = {isa = PBXFileReference; lastKnownFileType = sourcecode.swift; path = RecallContextPackage.swift; sourceTree = "<group>"; };
		A2000000000000000000002F /* RecallPackageView.swift */ = {isa = PBXFileReference; lastKnownFileType = sourcecode.swift; path = RecallPackageView.swift; sourceTree = "<group>"; };
		A20000000000000000000030 /* Core/Recall/RecallContextPackageTests.swift */ = {isa = PBXFileReference; lastKnownFileType = sourcecode.swift; path = Core/Recall/RecallContextPackageTests.swift; sourceTree = "<group>"; };
		A20000000000000000000031 /* ClaraDesign.swift */ = {isa = PBXFileReference; lastKnownFileType = sourcecode.swift; path = ClaraDesign.swift; sourceTree = "<group>"; };
		A20000000000000000000032 /* DraftDigestReconciler.swift */ = {isa = PBXFileReference; lastKnownFileType = sourcecode.swift; path = DraftDigestReconciler.swift; sourceTree = "<group>"; };
		A20000000000000000000033 /* Core/Reflection/DraftDigestReconcilerTests.swift */ = {isa = PBXFileReference; lastKnownFileType = sourcecode.swift; path = Core/Reflection/DraftDigestReconcilerTests.swift; sourceTree = "<group>"; };
		A20000000000000000000034 /* ClaraErrorPresenter.swift */ = {isa = PBXFileReference; lastKnownFileType = sourcecode.swift; path = ClaraErrorPresenter.swift; sourceTree = "<group>"; };
		A20000000000000000000035 /* Shared/ClaraErrorPresenterTests.swift */ = {isa = PBXFileReference; lastKnownFileType = sourcecode.swift; path = Shared/ClaraErrorPresenterTests.swift; sourceTree = "<group>"; };
		A20000000000000000000036 /* Assets.xcassets */ = {isa = PBXFileReference; lastKnownFileType = folder.assetcatalog; path = Assets.xcassets; sourceTree = "<group>"; };
		A20000000000000000000037 /* ContextCard.swift */ = {isa = PBXFileReference; lastKnownFileType = sourcecode.swift; path = ContextCard.swift; sourceTree = "<group>"; };
		A20000000000000000000038 /* ContextCardStore.swift */ = {isa = PBXFileReference; lastKnownFileType = sourcecode.swift; path = ContextCardStore.swift; sourceTree = "<group>"; };
		A20000000000000000000039 /* Core/ContextCard/ContextCardStoreTests.swift */ = {isa = PBXFileReference; lastKnownFileType = sourcecode.swift; path = Core/ContextCard/ContextCardStoreTests.swift; sourceTree = "<group>"; };
		A2000000000000000000003A /* ConversationImporter.swift */ = {isa = PBXFileReference; lastKnownFileType = sourcecode.swift; path = ConversationImporter.swift; sourceTree = "<group>"; };
		A2000000000000000000003B /* Core/Importer/ConversationImporterRegistryTests.swift */ = {isa = PBXFileReference; lastKnownFileType = sourcecode.swift; path = Core/Importer/ConversationImporterRegistryTests.swift; sourceTree = "<group>"; };
		A2000000000000000000003C /* ArchiveFeatureView.swift */ = {isa = PBXFileReference; lastKnownFileType = sourcecode.swift; path = ArchiveFeatureView.swift; sourceTree = "<group>"; };
/* End PBXFileReference section */

/* Begin PBXFrameworksBuildPhase section */
		A40000000000000000000001 /* Frameworks */ = {
			isa = PBXFrameworksBuildPhase;
			buildActionMask = 2147483647;
			files = (
				A10000000000000000000007 /* GRDB in Frameworks */,
			);
			runOnlyForDeploymentPostprocessing = 0;
		};
		A40000000000000000000002 /* Frameworks */ = {
			isa = PBXFrameworksBuildPhase;
			buildActionMask = 2147483647;
			files = (
				A10000000000000000000008 /* GRDB in Frameworks */,
			);
			runOnlyForDeploymentPostprocessing = 0;
		};
/* End PBXFrameworksBuildPhase section */

/* Begin PBXGroup section */
		A50000000000000000000001 = {
			isa = PBXGroup;
			children = (
				A50000000000000000000002 /* ClaraCoreMobile */,
				A50000000000000000000006 /* ClaraCoreMobileTests */,
				A50000000000000000000007 /* Products */,
			);
			sourceTree = "<group>";
		};
		A50000000000000000000002 /* ClaraCoreMobile */ = {
			isa = PBXGroup;
			children = (
				A20000000000000000000036 /* Assets.xcassets */,
				A50000000000000000000008 /* App */,
				A50000000000000000000003 /* Core */,
				A50000000000000000000009 /* Features */,
				A5000000000000000000000B /* Shared */,
			);
			path = ClaraCoreMobile;
			sourceTree = "<group>";
		};
		A50000000000000000000003 /* Core */ = {
			isa = PBXGroup;
			children = (
				A50000000000000000000004 /* Database */,
				A5000000000000000000001A /* ContextCard */,
				A50000000000000000000005 /* Memoria */,
				A5000000000000000000000C /* Importer */,
				A5000000000000000000000D /* Inbox */,
				A5000000000000000000000E /* Reflection */,
				A50000000000000000000012 /* Continuity */,
				A50000000000000000000013 /* Review */,
				A50000000000000000000015 /* Settings */,
				A50000000000000000000016 /* Recall */,
			);
			path = Core;
			sourceTree = "<group>";
		};
		A50000000000000000000004 /* Database */ = {
			isa = PBXGroup;
			children = (
				A20000000000000000000003 /* AppDatabase.swift */,
			);
			path = Database;
			sourceTree = "<group>";
		};
		A50000000000000000000005 /* Memoria */ = {
			isa = PBXGroup;
			children = (
				A20000000000000000000004 /* Memory.swift */,
				A20000000000000000000005 /* MemoriaStore.swift */,
			);
			path = Memoria;
			sourceTree = "<group>";
		};
		A50000000000000000000006 /* ClaraCoreMobileTests */ = {
			isa = PBXGroup;
			children = (
				A20000000000000000000006 /* Core/Memoria/MemoriaStoreTests.swift */,
				A2000000000000000000000F /* Core/Inbox/InboxStoreTests.swift */,
				A20000000000000000000019 /* Core/Importer/CaptureSegmenterTests.swift */,
				A2000000000000000000001A /* Core/Importer/ImportSessionStoreTests.swift */,
				A20000000000000000000022 /* Core/Importer/ImportSessionPreparerTests.swift */,
				A2000000000000000000003B /* Core/Importer/ConversationImporterRegistryTests.swift */,
				A2000000000000000000001B /* Core/Reflection/RuleBasedReflectionServiceTests.swift */,
				A20000000000000000000024 /* Core/Reflection/ReflectionRunnerTests.swift */,
				A20000000000000000000033 /* Core/Reflection/DraftDigestReconcilerTests.swift */,
				A2000000000000000000001E /* Core/Importer/DeepSeekShareImporterTests.swift */,
				A2000000000000000000002A /* Core/Continuity/ContinuityStoreTests.swift */,
				A2000000000000000000002B /* Core/Review/DigestCommitterTests.swift */,
				A20000000000000000000030 /* Core/Recall/RecallContextPackageTests.swift */,
				A20000000000000000000035 /* Shared/ClaraErrorPresenterTests.swift */,
				A20000000000000000000039 /* Core/ContextCard/ContextCardStoreTests.swift */,
			);
			path = ClaraCoreMobileTests;
			sourceTree = "<group>";
		};
		A50000000000000000000007 /* Products */ = {
			isa = PBXGroup;
			children = (
				A20000000000000000000007 /* ClaraCoreMobile.app */,
				A20000000000000000000008 /* ClaraCoreMobileTests.xctest */,
			);
			name = Products;
			sourceTree = "<group>";
		};
		A50000000000000000000008 /* App */ = {
			isa = PBXGroup;
			children = (
				A20000000000000000000001 /* ClaraCoreMobileApp.swift */,
				A20000000000000000000002 /* AppRootView.swift */,
				A20000000000000000000009 /* AppDependencies.swift */,
				A2000000000000000000000A /* AppTab.swift */,
			);
			path = App;
			sourceTree = "<group>";
		};
		A50000000000000000000009 /* Features */ = {
			isa = PBXGroup;
			children = (
				A5000000000000000000000F /* Importer */,
				A5000000000000000000001B /* Archive */,
				A50000000000000000000010 /* Inbox */,
				A5000000000000000000000A /* Memoria */,
				A50000000000000000000014 /* Continuity */,
				A50000000000000000000011 /* Review */,
				A50000000000000000000017 /* Settings */,
				A50000000000000000000018 /* Recall */,
			);
			path = Features;
			sourceTree = "<group>";
		};
		A5000000000000000000000A /* Memoria */ = {
			isa = PBXGroup;
			children = (
				A2000000000000000000000B /* MemoriaFeatureView.swift */,
			);
			path = Memoria;
			sourceTree = "<group>";
		};
		A5000000000000000000000B /* Shared */ = {
			isa = PBXGroup;
			children = (
				A20000000000000000000034 /* ClaraErrorPresenter.swift */,
				A50000000000000000000019 /* Components */,
			);
			path = Shared;
			sourceTree = "<group>";
		};
		A5000000000000000000000C /* Importer */ = {
			isa = PBXGroup;
			children = (
				A2000000000000000000000C /* RawCapture.swift */,
				A20000000000000000000010 /* ImportSession.swift */,
				A20000000000000000000011 /* CaptureSegment.swift */,
				A20000000000000000000012 /* TokenEstimator.swift */,
				A20000000000000000000013 /* CaptureSegmenter.swift */,
				A20000000000000000000014 /* ImportSessionStore.swift */,
				A20000000000000000000021 /* ImportSessionPreparer.swift */,
				A2000000000000000000001C /* ConversationTurn.swift */,
				A2000000000000000000001D /* DeepSeekShareImporter.swift */,
				A2000000000000000000003A /* ConversationImporter.swift */,
			);
			path = Importer;
			sourceTree = "<group>";
		};
		A5000000000000000000000D /* Inbox */ = {
			isa = PBXGroup;
			children = (
				A2000000000000000000000D /* InboxItem.swift */,
				A2000000000000000000000E /* InboxStore.swift */,
			);
			path = Inbox;
			sourceTree = "<group>";
		};
		A5000000000000000000000E /* Reflection */ = {
			isa = PBXGroup;
			children = (
				A20000000000000000000015 /* ReflectionModels.swift */,
				A20000000000000000000016 /* ReflectionService.swift */,
				A20000000000000000000017 /* RuleBasedReflectionService.swift */,
				A20000000000000000000018 /* DeepSeekReflectionService.swift */,
				A20000000000000000000023 /* ReflectionRunner.swift */,
				A20000000000000000000032 /* DraftDigestReconciler.swift */,
			);
			path = Reflection;
			sourceTree = "<group>";
		};
		A5000000000000000000000F /* Importer */ = {
			isa = PBXGroup;
			children = (
				A2000000000000000000001F /* ImporterFeatureView.swift */,
			);
			path = Importer;
			sourceTree = "<group>";
		};
		A50000000000000000000010 /* Inbox */ = {
			isa = PBXGroup;
			children = (
				A20000000000000000000020 /* InboxFeatureView.swift */,
			);
			path = Inbox;
			sourceTree = "<group>";
		};
		A50000000000000000000011 /* Review */ = {
			isa = PBXGroup;
			children = (
				A20000000000000000000025 /* ReviewDigestView.swift */,
			);
			path = Review;
			sourceTree = "<group>";
		};
		A50000000000000000000012 /* Continuity */ = {
			isa = PBXGroup;
			children = (
				A20000000000000000000026 /* ContinuityLine.swift */,
				A20000000000000000000027 /* ContinuityStore.swift */,
			);
			path = Continuity;
			sourceTree = "<group>";
		};
		A50000000000000000000013 /* Review */ = {
			isa = PBXGroup;
			children = (
				A20000000000000000000028 /* DigestCommitter.swift */,
			);
			path = Review;
			sourceTree = "<group>";
		};
		A50000000000000000000014 /* Continuity */ = {
			isa = PBXGroup;
			children = (
				A20000000000000000000029 /* ContinuityFeatureView.swift */,
			);
			path = Continuity;
			sourceTree = "<group>";
		};
		A50000000000000000000015 /* Settings */ = {
			isa = PBXGroup;
			children = (
				A2000000000000000000002C /* APIKeyStore.swift */,
			);
			path = Settings;
			sourceTree = "<group>";
		};
		A50000000000000000000016 /* Recall */ = {
			isa = PBXGroup;
			children = (
				A2000000000000000000002E /* RecallContextPackage.swift */,
			);
			path = Recall;
			sourceTree = "<group>";
		};
		A50000000000000000000017 /* Settings */ = {
			isa = PBXGroup;
			children = (
				A2000000000000000000002D /* SettingsFeatureView.swift */,
			);
			path = Settings;
			sourceTree = "<group>";
		};
		A50000000000000000000018 /* Recall */ = {
			isa = PBXGroup;
			children = (
				A2000000000000000000002F /* RecallPackageView.swift */,
			);
			path = Recall;
			sourceTree = "<group>";
		};
		A50000000000000000000019 /* Components */ = {
			isa = PBXGroup;
			children = (
				A20000000000000000000031 /* ClaraDesign.swift */,
			);
			path = Components;
			sourceTree = "<group>";
		};
		A5000000000000000000001A /* ContextCard */ = {
			isa = PBXGroup;
			children = (
				A20000000000000000000037 /* ContextCard.swift */,
				A20000000000000000000038 /* ContextCardStore.swift */,
			);
			path = ContextCard;
			sourceTree = "<group>";
		};
		A5000000000000000000001B /* Archive */ = {
			isa = PBXGroup;
			children = (
				A2000000000000000000003C /* ArchiveFeatureView.swift */,
			);
			path = Archive;
			sourceTree = "<group>";
		};
/* End PBXGroup section */

/* Begin PBXNativeTarget section */
		A70000000000000000000001 /* ClaraCoreMobile */ = {
			isa = PBXNativeTarget;
			buildConfigurationList = A6000000000000000000000A /* Build configuration list for PBXNativeTarget "ClaraCoreMobile" */;
			buildPhases = (
				A70000000000000000000003 /* Sources */,
				A40000000000000000000001 /* Frameworks */,
				A70000000000000000000004 /* Resources */,
			);
			buildRules = (
			);
			dependencies = (
			);
			name = ClaraCoreMobile;
			packageProductDependencies = (
				A90000000000000000000002 /* GRDB */,
			);
			productName = ClaraCoreMobile;
			productReference = A20000000000000000000007 /* ClaraCoreMobile.app */;
			productType = "com.apple.product-type.application";
		};
		A70000000000000000000002 /* ClaraCoreMobileTests */ = {
			isa = PBXNativeTarget;
			buildConfigurationList = A6000000000000000000000B /* Build configuration list for PBXNativeTarget "ClaraCoreMobileTests" */;
			buildPhases = (
				A70000000000000000000005 /* Sources */,
				A40000000000000000000002 /* Frameworks */,
				A70000000000000000000006 /* Resources */,
			);
			buildRules = (
			);
			dependencies = (
				A30000000000000000000002 /* PBXTargetDependency */,
			);
			name = ClaraCoreMobileTests;
			packageProductDependencies = (
				A90000000000000000000002 /* GRDB */,
			);
			productName = ClaraCoreMobileTests;
			productReference = A20000000000000000000008 /* ClaraCoreMobileTests.xctest */;
			productType = "com.apple.product-type.bundle.unit-test";
		};
/* End PBXNativeTarget section */

/* Begin PBXProject section */
		A80000000000000000000001 /* Project object */ = {
			isa = PBXProject;
			attributes = {
				BuildIndependentTargetsInParallel = 1;
				LastSwiftUpdateCheck = 2660;
				LastUpgradeCheck = 2660;
				TargetAttributes = {
					A70000000000000000000001 = {
						CreatedOnToolsVersion = 26.6;
					};
					A70000000000000000000002 = {
						CreatedOnToolsVersion = 26.6;
						TestTargetID = A70000000000000000000001;
					};
				};
			};
			buildConfigurationList = A60000000000000000000009 /* Build configuration list for PBXProject "ClaraCoreMobile" */;
			compatibilityVersion = "Xcode 14.0";
			developmentRegion = en;
			hasScannedForEncodings = 0;
			knownRegions = (
				en,
				Base,
			);
			mainGroup = A50000000000000000000001;
			packageReferences = (
				A90000000000000000000001 /* XCRemoteSwiftPackageReference "GRDB" */,
			);
			productRefGroup = A50000000000000000000007 /* Products */;
			projectDirPath = "";
			projectRoot = "";
			targets = (
				A70000000000000000000001 /* ClaraCoreMobile */,
				A70000000000000000000002 /* ClaraCoreMobileTests */,
			);
		};
/* End PBXProject section */

/* Begin PBXResourcesBuildPhase section */
		A70000000000000000000004 /* Resources */ = {
			isa = PBXResourcesBuildPhase;
			buildActionMask = 2147483647;
			files = (
				A10000000000000000000036 /* Assets.xcassets in Resources */,
			);
			runOnlyForDeploymentPostprocessing = 0;
		};
		A70000000000000000000006 /* Resources */ = {
			isa = PBXResourcesBuildPhase;
			buildActionMask = 2147483647;
			files = (
			);
			runOnlyForDeploymentPostprocessing = 0;
		};
/* End PBXResourcesBuildPhase section */

/* Begin PBXSourcesBuildPhase section */
		A70000000000000000000003 /* Sources */ = {
			isa = PBXSourcesBuildPhase;
			buildActionMask = 2147483647;
			files = (
				A10000000000000000000001 /* ClaraCoreMobileApp.swift in Sources */,
				A10000000000000000000002 /* AppRootView.swift in Sources */,
				A10000000000000000000009 /* AppDependencies.swift in Sources */,
				A1000000000000000000000A /* AppTab.swift in Sources */,
				A10000000000000000000003 /* AppDatabase.swift in Sources */,
				A10000000000000000000037 /* ContextCard.swift in Sources */,
				A10000000000000000000038 /* ContextCardStore.swift in Sources */,
				A10000000000000000000004 /* Memory.swift in Sources */,
				A10000000000000000000005 /* MemoriaStore.swift in Sources */,
				A1000000000000000000000B /* MemoriaFeatureView.swift in Sources */,
				A1000000000000000000000C /* RawCapture.swift in Sources */,
				A1000000000000000000000D /* InboxItem.swift in Sources */,
				A1000000000000000000000E /* InboxStore.swift in Sources */,
				A10000000000000000000010 /* ImportSession.swift in Sources */,
				A10000000000000000000011 /* CaptureSegment.swift in Sources */,
				A10000000000000000000012 /* TokenEstimator.swift in Sources */,
				A10000000000000000000013 /* CaptureSegmenter.swift in Sources */,
				A10000000000000000000014 /* ImportSessionStore.swift in Sources */,
				A10000000000000000000015 /* ReflectionModels.swift in Sources */,
				A10000000000000000000016 /* ReflectionService.swift in Sources */,
				A10000000000000000000017 /* RuleBasedReflectionService.swift in Sources */,
				A10000000000000000000018 /* DeepSeekReflectionService.swift in Sources */,
				A10000000000000000000032 /* DraftDigestReconciler.swift in Sources */,
				A10000000000000000000026 /* ContinuityLine.swift in Sources */,
				A10000000000000000000027 /* ContinuityStore.swift in Sources */,
				A10000000000000000000028 /* DigestCommitter.swift in Sources */,
				A1000000000000000000002C /* APIKeyStore.swift in Sources */,
				A1000000000000000000002E /* RecallContextPackage.swift in Sources */,
				A1000000000000000000001C /* ConversationTurn.swift in Sources */,
				A1000000000000000000001D /* DeepSeekShareImporter.swift in Sources */,
				A1000000000000000000003A /* ConversationImporter.swift in Sources */,
				A10000000000000000000021 /* ImportSessionPreparer.swift in Sources */,
				A10000000000000000000023 /* ReflectionRunner.swift in Sources */,
				A1000000000000000000001F /* ImporterFeatureView.swift in Sources */,
				A1000000000000000000003C /* ArchiveFeatureView.swift in Sources */,
				A10000000000000000000020 /* InboxFeatureView.swift in Sources */,
				A10000000000000000000029 /* ContinuityFeatureView.swift in Sources */,
				A10000000000000000000025 /* ReviewDigestView.swift in Sources */,
				A1000000000000000000002D /* SettingsFeatureView.swift in Sources */,
				A1000000000000000000002F /* RecallPackageView.swift in Sources */,
				A10000000000000000000031 /* ClaraDesign.swift in Sources */,
				A10000000000000000000034 /* ClaraErrorPresenter.swift in Sources */,
			);
			runOnlyForDeploymentPostprocessing = 0;
		};
		A70000000000000000000005 /* Sources */ = {
			isa = PBXSourcesBuildPhase;
			buildActionMask = 2147483647;
			files = (
				A10000000000000000000006 /* Core/Memoria/MemoriaStoreTests.swift in Sources */,
				A1000000000000000000000F /* Core/Inbox/InboxStoreTests.swift in Sources */,
				A10000000000000000000019 /* Core/Importer/CaptureSegmenterTests.swift in Sources */,
				A1000000000000000000001A /* Core/Importer/ImportSessionStoreTests.swift in Sources */,
				A10000000000000000000022 /* Core/Importer/ImportSessionPreparerTests.swift in Sources */,
				A1000000000000000000003B /* Core/Importer/ConversationImporterRegistryTests.swift in Sources */,
				A1000000000000000000001B /* Core/Reflection/RuleBasedReflectionServiceTests.swift in Sources */,
				A10000000000000000000024 /* Core/Reflection/ReflectionRunnerTests.swift in Sources */,
				A10000000000000000000033 /* Core/Reflection/DraftDigestReconcilerTests.swift in Sources */,
				A1000000000000000000001E /* Core/Importer/DeepSeekShareImporterTests.swift in Sources */,
				A1000000000000000000002A /* Core/Continuity/ContinuityStoreTests.swift in Sources */,
				A1000000000000000000002B /* Core/Review/DigestCommitterTests.swift in Sources */,
				A10000000000000000000030 /* Core/Recall/RecallContextPackageTests.swift in Sources */,
				A10000000000000000000035 /* Shared/ClaraErrorPresenterTests.swift in Sources */,
				A10000000000000000000039 /* Core/ContextCard/ContextCardStoreTests.swift in Sources */,
			);
			runOnlyForDeploymentPostprocessing = 0;
		};
/* End PBXSourcesBuildPhase section */

/* Begin PBXTargetDependency section */
		A30000000000000000000002 /* PBXTargetDependency */ = {
			isa = PBXTargetDependency;
			target = A70000000000000000000001 /* ClaraCoreMobile */;
			targetProxy = A30000000000000000000001 /* PBXContainerItemProxy */;
		};
/* End PBXTargetDependency section */

/* Begin XCBuildConfiguration section */
		A60000000000000000000001 /* Debug */ = {
			isa = XCBuildConfiguration;
			buildSettings = {
				ALWAYS_SEARCH_USER_PATHS = NO;
				CLANG_ANALYZER_NONNULL = YES;
				CLANG_ANALYZER_NUMBER_OBJECT_CONVERSION = YES_AGGRESSIVE;
				CLANG_CXX_LANGUAGE_STANDARD = "gnu++20";
				CLANG_ENABLE_MODULES = YES;
				CLANG_ENABLE_OBJC_ARC = YES;
				CLANG_ENABLE_OBJC_WEAK = YES;
				CLANG_WARN_BLOCK_CAPTURE_AUTORELEASING = YES;
				CLANG_WARN_BOOL_CONVERSION = YES;
				CLANG_WARN_COMMA = YES;
				CLANG_WARN_CONSTANT_CONVERSION = YES;
				CLANG_WARN_DEPRECATED_OBJC_IMPLEMENTATIONS = YES;
				CLANG_WARN_DIRECT_OBJC_ISA_USAGE = YES_ERROR;
				CLANG_WARN_DOCUMENTATION_COMMENTS = YES;
				CLANG_WARN_EMPTY_BODY = YES;
				CLANG_WARN_ENUM_CONVERSION = YES;
				CLANG_WARN_INFINITE_RECURSION = YES;
				CLANG_WARN_INT_CONVERSION = YES;
				CLANG_WARN_NON_LITERAL_NULL_CONVERSION = YES;
				CLANG_WARN_OBJC_IMPLICIT_RETAIN_SELF = YES;
				CLANG_WARN_OBJC_LITERAL_CONVERSION = YES;
				CLANG_WARN_OBJC_ROOT_CLASS = YES_ERROR;
				CLANG_WARN_QUOTED_INCLUDE_IN_FRAMEWORK_HEADER = YES;
				CLANG_WARN_RANGE_LOOP_ANALYSIS = YES;
				CLANG_WARN_STRICT_PROTOTYPES = YES;
				CLANG_WARN_SUSPICIOUS_MOVE = YES;
				CLANG_WARN_UNGUARDED_AVAILABILITY = YES_AGGRESSIVE;
				CLANG_WARN_UNREACHABLE_CODE = YES;
				CLANG_WARN__DUPLICATE_METHOD_MATCH = YES;
				COPY_PHASE_STRIP = NO;
				DEBUG_INFORMATION_FORMAT = dwarf;
				ENABLE_STRICT_OBJC_MSGSEND = YES;
				ENABLE_TESTABILITY = YES;
				ENABLE_USER_SCRIPT_SANDBOXING = YES;
				GCC_C_LANGUAGE_STANDARD = gnu17;
				GCC_DYNAMIC_NO_PIC = NO;
				GCC_NO_COMMON_BLOCKS = YES;
				GCC_OPTIMIZATION_LEVEL = 0;
				GCC_PREPROCESSOR_DEFINITIONS = (
					"DEBUG=1",
					"$(inherited)",
				);
				GCC_WARN_64_TO_32_BIT_CONVERSION = YES;
				GCC_WARN_ABOUT_RETURN_TYPE = YES_ERROR;
				GCC_WARN_UNDECLARED_SELECTOR = YES;
				GCC_WARN_UNINITIALIZED_AUTOS = YES_AGGRESSIVE;
				GCC_WARN_UNUSED_FUNCTION = YES;
				GCC_WARN_UNUSED_VARIABLE = YES;
				IPHONEOS_DEPLOYMENT_TARGET = 17.0;
				MTL_ENABLE_DEBUG_INFO = INCLUDE_SOURCE;
				MTL_FAST_MATH = YES;
				ONLY_ACTIVE_ARCH = YES;
				SDKROOT = iphoneos;
				SWIFT_ACTIVE_COMPILATION_CONDITIONS = "DEBUG $(inherited)";
				SWIFT_OPTIMIZATION_LEVEL = "-Onone";
			};
			name = Debug;
		};
		A60000000000000000000002 /* Release */ = {
			isa = XCBuildConfiguration;
			buildSettings = {
				ALWAYS_SEARCH_USER_PATHS = NO;
				CLANG_ANALYZER_NONNULL = YES;
				CLANG_ANALYZER_NUMBER_OBJECT_CONVERSION = YES_AGGRESSIVE;
				CLANG_CXX_LANGUAGE_STANDARD = "gnu++20";
				CLANG_ENABLE_MODULES = YES;
				CLANG_ENABLE_OBJC_ARC = YES;
				CLANG_ENABLE_OBJC_WEAK = YES;
				CLANG_WARN_BLOCK_CAPTURE_AUTORELEASING = YES;
				CLANG_WARN_BOOL_CONVERSION = YES;
				CLANG_WARN_COMMA = YES;
				CLANG_WARN_CONSTANT_CONVERSION = YES;
				CLANG_WARN_DEPRECATED_OBJC_IMPLEMENTATIONS = YES;
				CLANG_WARN_DIRECT_OBJC_ISA_USAGE = YES_ERROR;
				CLANG_WARN_DOCUMENTATION_COMMENTS = YES;
				CLANG_WARN_EMPTY_BODY = YES;
				CLANG_WARN_ENUM_CONVERSION = YES;
				CLANG_WARN_INFINITE_RECURSION = YES;
				CLANG_WARN_INT_CONVERSION = YES;
				CLANG_WARN_NON_LITERAL_NULL_CONVERSION = YES;
				CLANG_WARN_OBJC_IMPLICIT_RETAIN_SELF = YES;
				CLANG_WARN_OBJC_LITERAL_CONVERSION = YES;
				CLANG_WARN_OBJC_ROOT_CLASS = YES_ERROR;
				CLANG_WARN_QUOTED_INCLUDE_IN_FRAMEWORK_HEADER = YES;
				CLANG_WARN_RANGE_LOOP_ANALYSIS = YES;
				CLANG_WARN_STRICT_PROTOTYPES = YES;
				CLANG_WARN_SUSPICIOUS_MOVE = YES;
				CLANG_WARN_UNGUARDED_AVAILABILITY = YES_AGGRESSIVE;
				CLANG_WARN_UNREACHABLE_CODE = YES;
				CLANG_WARN__DUPLICATE_METHOD_MATCH = YES;
				COPY_PHASE_STRIP = NO;
				DEBUG_INFORMATION_FORMAT = "dwarf-with-dsym";
				ENABLE_NS_ASSERTIONS = NO;
				ENABLE_STRICT_OBJC_MSGSEND = YES;
				ENABLE_USER_SCRIPT_SANDBOXING = YES;
				GCC_C_LANGUAGE_STANDARD = gnu17;
				GCC_NO_COMMON_BLOCKS = YES;
				GCC_WARN_64_TO_32_BIT_CONVERSION = YES;
				GCC_WARN_ABOUT_RETURN_TYPE = YES_ERROR;
				GCC_WARN_UNDECLARED_SELECTOR = YES;
				GCC_WARN_UNINITIALIZED_AUTOS = YES_AGGRESSIVE;
				GCC_WARN_UNUSED_FUNCTION = YES;
				GCC_WARN_UNUSED_VARIABLE = YES;
				IPHONEOS_DEPLOYMENT_TARGET = 17.0;
				MTL_ENABLE_DEBUG_INFO = NO;
				MTL_FAST_MATH = YES;
				SDKROOT = iphoneos;
				SWIFT_COMPILATION_MODE = wholemodule;
				SWIFT_OPTIMIZATION_LEVEL = "-O";
				VALIDATE_PRODUCT = YES;
			};
			name = Release;
		};
		A60000000000000000000004 /* Debug */ = {
			isa = XCBuildConfiguration;
			buildSettings = {
				ASSETCATALOG_COMPILER_APPICON_NAME = AppIcon;
				CODE_SIGN_STYLE = Automatic;
				CURRENT_PROJECT_VERSION = 1;
				DEVELOPMENT_TEAM = A5L4GGX82X;
				GENERATE_INFOPLIST_FILE = YES;
				INFOPLIST_KEY_CFBundleDisplayName = ClaraCore;
				INFOPLIST_KEY_LSApplicationCategoryType = "public.app-category.productivity";
				INFOPLIST_KEY_UIApplicationSceneManifest_Generation = YES;
				INFOPLIST_KEY_UIApplicationSupportsIndirectInputEvents = YES;
				INFOPLIST_KEY_UILaunchScreen_Generation = YES;
				INFOPLIST_KEY_UISupportedInterfaceOrientations_iPad = "UIInterfaceOrientationPortrait UIInterfaceOrientationPortraitUpsideDown UIInterfaceOrientationLandscapeLeft UIInterfaceOrientationLandscapeRight";
				INFOPLIST_KEY_UISupportedInterfaceOrientations_iPhone = "UIInterfaceOrientationPortrait UIInterfaceOrientationLandscapeLeft UIInterfaceOrientationLandscapeRight";
				LD_RUNPATH_SEARCH_PATHS = (
					"$(inherited)",
					"@executable_path/Frameworks",
				);
				MARKETING_VERSION = 0.1.0;
				PRODUCT_BUNDLE_IDENTIFIER = com.claracore.mobile;
				PRODUCT_NAME = "$(TARGET_NAME)";
				SWIFT_EMIT_LOC_STRINGS = YES;
				SWIFT_VERSION = 5.0;
				TARGETED_DEVICE_FAMILY = "1,2";
			};
			name = Debug;
		};
		A60000000000000000000005 /* Release */ = {
			isa = XCBuildConfiguration;
			buildSettings = {
				ASSETCATALOG_COMPILER_APPICON_NAME = AppIcon;
				CODE_SIGN_STYLE = Automatic;
				CURRENT_PROJECT_VERSION = 1;
				DEVELOPMENT_TEAM = A5L4GGX82X;
				GENERATE_INFOPLIST_FILE = YES;
				INFOPLIST_KEY_CFBundleDisplayName = ClaraCore;
				INFOPLIST_KEY_LSApplicationCategoryType = "public.app-category.productivity";
				INFOPLIST_KEY_UIApplicationSceneManifest_Generation = YES;
				INFOPLIST_KEY_UIApplicationSupportsIndirectInputEvents = YES;
				INFOPLIST_KEY_UILaunchScreen_Generation = YES;
				INFOPLIST_KEY_UISupportedInterfaceOrientations_iPad = "UIInterfaceOrientationPortrait UIInterfaceOrientationPortraitUpsideDown UIInterfaceOrientationLandscapeLeft UIInterfaceOrientationLandscapeRight";
				INFOPLIST_KEY_UISupportedInterfaceOrientations_iPhone = "UIInterfaceOrientationPortrait UIInterfaceOrientationLandscapeLeft UIInterfaceOrientationLandscapeRight";
				LD_RUNPATH_SEARCH_PATHS = (
					"$(inherited)",
					"@executable_path/Frameworks",
				);
				MARKETING_VERSION = 0.1.0;
				PRODUCT_BUNDLE_IDENTIFIER = com.claracore.mobile;
				PRODUCT_NAME = "$(TARGET_NAME)";
				SWIFT_EMIT_LOC_STRINGS = YES;
				SWIFT_VERSION = 5.0;
				TARGETED_DEVICE_FAMILY = "1,2";
			};
			name = Release;
		};
		A60000000000000000000007 /* Debug */ = {
			isa = XCBuildConfiguration;
			buildSettings = {
				BUNDLE_LOADER = "$(TEST_HOST)";
				CODE_SIGN_STYLE = Automatic;
				CURRENT_PROJECT_VERSION = 1;
				DEVELOPMENT_TEAM = "";
				GENERATE_INFOPLIST_FILE = YES;
				LD_RUNPATH_SEARCH_PATHS = (
					"$(inherited)",
					"@executable_path/Frameworks",
					"@loader_path/Frameworks",
				);
				MARKETING_VERSION = 0.1.0;
				PRODUCT_BUNDLE_IDENTIFIER = com.claracore.mobile.tests;
				PRODUCT_NAME = "$(TARGET_NAME)";
				SWIFT_VERSION = 5.0;
				TEST_HOST = "$(BUILT_PRODUCTS_DIR)/ClaraCoreMobile.app/$(BUNDLE_EXECUTABLE_FOLDER_PATH)/ClaraCoreMobile";
			};
			name = Debug;
		};
		A60000000000000000000008 /* Release */ = {
			isa = XCBuildConfiguration;
			buildSettings = {
				BUNDLE_LOADER = "$(TEST_HOST)";
				CODE_SIGN_STYLE = Automatic;
				CURRENT_PROJECT_VERSION = 1;
				DEVELOPMENT_TEAM = "";
				GENERATE_INFOPLIST_FILE = YES;
				LD_RUNPATH_SEARCH_PATHS = (
					"$(inherited)",
					"@executable_path/Frameworks",
					"@loader_path/Frameworks",
				);
				MARKETING_VERSION = 0.1.0;
				PRODUCT_BUNDLE_IDENTIFIER = com.claracore.mobile.tests;
				PRODUCT_NAME = "$(TARGET_NAME)";
				SWIFT_VERSION = 5.0;
				TEST_HOST = "$(BUILT_PRODUCTS_DIR)/ClaraCoreMobile.app/$(BUNDLE_EXECUTABLE_FOLDER_PATH)/ClaraCoreMobile";
			};
			name = Release;
		};
/* End XCBuildConfiguration section */

/* Begin XCConfigurationList section */
		A60000000000000000000009 /* Build configuration list for PBXProject "ClaraCoreMobile" */ = {
			isa = XCConfigurationList;
			buildConfigurations = (
				A60000000000000000000001 /* Debug */,
				A60000000000000000000002 /* Release */,
			);
			defaultConfigurationIsVisible = 0;
			defaultConfigurationName = Release;
		};
		A6000000000000000000000A /* Build configuration list for PBXNativeTarget "ClaraCoreMobile" */ = {
			isa = XCConfigurationList;
			buildConfigurations = (
				A60000000000000000000004 /* Debug */,
				A60000000000000000000005 /* Release */,
			);
			defaultConfigurationIsVisible = 0;
			defaultConfigurationName = Release;
		};
		A6000000000000000000000B /* Build configuration list for PBXNativeTarget "ClaraCoreMobileTests" */ = {
			isa = XCConfigurationList;
			buildConfigurations = (
				A60000000000000000000007 /* Debug */,
				A60000000000000000000008 /* Release */,
			);
			defaultConfigurationIsVisible = 0;
			defaultConfigurationName = Release;
		};
/* End XCConfigurationList section */

/* Begin XCRemoteSwiftPackageReference section */
		A90000000000000000000001 /* XCRemoteSwiftPackageReference "GRDB" */ = {
			isa = XCRemoteSwiftPackageReference;
			repositoryURL = "https://github.com/groue/GRDB.swift";
			requirement = {
				kind = upToNextMajorVersion;
				minimumVersion = 6.0.0;
			};
		};
/* End XCRemoteSwiftPackageReference section */

/* Begin XCSwiftPackageProductDependency section */
		A90000000000000000000002 /* GRDB */ = {
			isa = XCSwiftPackageProductDependency;
			package = A90000000000000000000001 /* XCRemoteSwiftPackageReference "GRDB" */;
			productName = GRDB;
		};
/* End XCSwiftPackageProductDependency section */
	};
	rootObject = A80000000000000000000001 /* Project object */;
}
